
Microsoft Visual Studio Solution File, Format Version 12.00
# Visual Studio Version 16
VisualStudioVersion = 16.0.30907.101
MinimumVisualStudioVersion = 10.0.40219.1
Project("{FAE04EC0-301F-11D3-BF4B-00C04F79EFBC}") = "HelloWorld", "HelloWorld.csproj", "{DCACCDCA-5A3E-463B-BF24-A162EA699C9C}"
EndProject
Global
	GlobalSection(SolutionConfigurationPlatforms) = preSolution
		Debug|Any CPU = Debug|Any CPU
		Release|Any CPU = Release|Any CPU
	EndGlobalSection
	GlobalSection(ProjectConfigurationPlatforms) = postSolution
		{DCACCDCA-5A3E-463B-BF24-A162EA699C9C}.Debug|Any CPU.ActiveCfg = Debug|Any CPU
		{DCACCDCA-5A3E-463B-BF24-A162EA699C9C}.Debug|Any CPU.Build.0 = Debug|Any CPU
		{DCACCDCA-5A3E-463B-BF24-A162EA699C9C}.Release|Any CPU.ActiveCfg = Release|Any CPU
		{DCACCDCA-5A3E-463B-BF24-A162EA699C9C}.Release|Any CPU.Build.0 = Release|Any CPU
	EndGlobalSection
	GlobalSection(SolutionProperties) = preSolution
		HideSolutionNode = FALSE
	EndGlobalSection
	GlobalSection(ExtensibilityGlobals) = postSolution
		SolutionGuid = {954AF21E-102F-4AD4-80C6-1F8A9EB1C495}
	EndGlobalSection
EndGlobal
